{
  "originHash" : "966b08f37cad5011fa03450100f9b0175f9d91d29d3e242846eb146f4722193c",
  "pins" : [
    {
      "identity" : "mimeparser",
      "kind" : "remoteSourceControl",
      "location" : "https://github.com/MarsupialFan/MimeParser.git",
      "state" : {
        "branch" : "main",
        "revision" : "fbdc1998ec19286d8759abb675a4f0620ea2009f"
      }
    }
  ],
  "version" : 3
}
